
Microsoft Visual Studio Solution File, Format Version 12.00
# Visual Studio Version 17
VisualStudioVersion = 17.14.36616.10 d17.14
MinimumVisualStudioVersion = 10.0.40219.1
Project("{FAE04EC0-301F-11D3-BF4B-00C04F79EFBC}") = "EmpresaMVC", "EmpresaMVC\EmpresaMVC.csproj", "{6A36A62F-CF14-4B57-B9CF-9E9DA9850E80}"
EndProject
Project("{FAE04EC0-301F-11D3-BF4B-00C04F79EFBC}") = "EmpresaAPI", "EmpresaAPI\EmpresaAPI.csproj", "{0A5CBDAF-FA62-4718-9479-EF3D50EEC772}"
EndProject
Global
	GlobalSection(SolutionConfigurationPlatforms) = preSolution
		Debug|Any CPU = Debug|Any CPU
		Release|Any CPU = Release|Any CPU
	EndGlobalSection
	GlobalSection(ProjectConfigurationPlatforms) = postSolution
		{6A36A62F-CF14-4B57-B9CF-9E9DA9850E80}.Debug|Any CPU.ActiveCfg = Debug|Any CPU
		{6A36A62F-CF14-4B57-B9CF-9E9DA9850E80}.Debug|Any CPU.Build.0 = Debug|Any CPU
		{6A36A62F-CF14-4B57-B9CF-9E9DA9850E80}.Release|Any CPU.ActiveCfg = Release|Any CPU
		{6A36A62F-CF14-4B57-B9CF-9E9DA9850E80}.Release|Any CPU.Build.0 = Release|Any CPU
		{0A5CBDAF-FA62-4718-9479-EF3D50EEC772}.Debug|Any CPU.ActiveCfg = Debug|Any CPU
		{0A5CBDAF-FA62-4718-9479-EF3D50EEC772}.Debug|Any CPU.Build.0 = Debug|Any CPU
		{0A5CBDAF-FA62-4718-9479-EF3D50EEC772}.Release|Any CPU.ActiveCfg = Release|Any CPU
		{0A5CBDAF-FA62-4718-9479-EF3D50EEC772}.Release|Any CPU.Build.0 = Release|Any CPU
	EndGlobalSection
	GlobalSection(SolutionProperties) = preSolution
		HideSolutionNode = FALSE
	EndGlobalSection
	GlobalSection(ExtensibilityGlobals) = postSolution
		SolutionGuid = {B95A51AD-335C-4B03-AC79-27EF0F4F87CD}
	EndGlobalSection
EndGlobal
